
Microsoft Visual Studio Solution File, Format Version 12.00
# Visual Studio Version 17
VisualStudioVersion = 17.4.33110.190
MinimumVisualStudioVersion = 10.0.40219.1
Project("{FAE04EC0-301F-11D3-BF4B-00C04F79EFBC}") = "LinkedList", "LinkedList\LinkedList.csproj", "{CCBE68A4-30B3-4ED5-AF8C-DF558270F789}"
EndProject
Global
	GlobalSection(SolutionConfigurationPlatforms) = preSolution
		Debug|Any CPU = Debug|Any CPU
		Release|Any CPU = Release|Any CPU
	EndGlobalSection
	GlobalSection(ProjectConfigurationPlatforms) = postSolution
		{CCBE68A4-30B3-4ED5-AF8C-DF558270F789}.Debug|Any CPU.ActiveCfg = Debug|Any CPU
		{CCBE68A4-30B3-4ED5-AF8C-DF558270F789}.Debug|Any CPU.Build.0 = Debug|Any CPU
		{CCBE68A4-30B3-4ED5-AF8C-DF558270F789}.Release|Any CPU.ActiveCfg = Release|Any CPU
		{CCBE68A4-30B3-4ED5-AF8C-DF558270F789}.Release|Any CPU.Build.0 = Release|Any CPU
	EndGlobalSection
	GlobalSection(SolutionProperties) = preSolution
		HideSolutionNode = FALSE
	EndGlobalSection
	GlobalSection(ExtensibilityGlobals) = postSolution
		SolutionGuid = {EAF6C46A-4A41-44E9-A251-29E6902800C6}
	EndGlobalSection
EndGlobal
